
Microsoft Visual Studio Solution File, Format Version 12.00
# Visual Studio Version 16
VisualStudioVersion = 16.0.28714.193
MinimumVisualStudioVersion = 10.0.40219.1
Project("{9A19103F-16F7-4668-BE54-9A1E7A4F7556}") = "Parra.Example", "Parra.Example\Parra.Example.csproj", "{36F3D3E9-D73D-4C54-AF90-448703471B3B}"
EndProject
Project("{9A19103F-16F7-4668-BE54-9A1E7A4F7556}") = "Parra", "Parra\Parra.csproj", "{0F350974-DF7F-4BD9-8CF8-902F2E9EED94}"
EndProject
Global
	GlobalSection(SolutionConfigurationPlatforms) = preSolution
		Debug|Any CPU = Debug|Any CPU
		Release|Any CPU = Release|Any CPU
	EndGlobalSection
	GlobalSection(ProjectConfigurationPlatforms) = postSolution
		{36F3D3E9-D73D-4C54-AF90-448703471B3B}.Debug|Any CPU.ActiveCfg = Debug|Any CPU
		{36F3D3E9-D73D-4C54-AF90-448703471B3B}.Debug|Any CPU.Build.0 = Debug|Any CPU
		{36F3D3E9-D73D-4C54-AF90-448703471B3B}.Release|Any CPU.ActiveCfg = Release|Any CPU
		{36F3D3E9-D73D-4C54-AF90-448703471B3B}.Release|Any CPU.Build.0 = Release|Any CPU
		{0F350974-DF7F-4BD9-8CF8-902F2E9EED94}.Debug|Any CPU.ActiveCfg = Debug|Any CPU
		{0F350974-DF7F-4BD9-8CF8-902F2E9EED94}.Debug|Any CPU.Build.0 = Debug|Any CPU
		{0F350974-DF7F-4BD9-8CF8-902F2E9EED94}.Release|Any CPU.ActiveCfg = Release|Any CPU
		{0F350974-DF7F-4BD9-8CF8-902F2E9EED94}.Release|Any CPU.Build.0 = Release|Any CPU
	EndGlobalSection
	GlobalSection(SolutionProperties) = preSolution
		HideSolutionNode = FALSE
	EndGlobalSection
	GlobalSection(ExtensibilityGlobals) = postSolution
		SolutionGuid = {8816C068-5D26-4F64-BBC4-E6233E06E93B}
	EndGlobalSection
EndGlobal
